
Microsoft Visual Studio Solution File, Format Version 12.00
# Visual Studio Version 16
VisualStudioVersion = 16.0.31321.278
MinimumVisualStudioVersion = 10.0.40219.1
Project("{FAE04EC0-301F-11D3-BF4B-00C04F79EFBC}") = "TareaRegistroCompleto", "TareaRegistroCompleto\TareaRegistroCompleto.csproj", "{06D0C66D-3DD4-410D-B20C-A7A903B20241}"
EndProject
Global
	GlobalSection(SolutionConfigurationPlatforms) = preSolution
		Debug|Any CPU = Debug|Any CPU
		Release|Any CPU = Release|Any CPU
	EndGlobalSection
	GlobalSection(ProjectConfigurationPlatforms) = postSolution
		{06D0C66D-3DD4-410D-B20C-A7A903B20241}.Debug|Any CPU.ActiveCfg = Debug|Any CPU
		{06D0C66D-3DD4-410D-B20C-A7A903B20241}.Debug|Any CPU.Build.0 = Debug|Any CPU
		{06D0C66D-3DD4-410D-B20C-A7A903B20241}.Release|Any CPU.ActiveCfg = Release|Any CPU
		{06D0C66D-3DD4-410D-B20C-A7A903B20241}.Release|Any CPU.Build.0 = Release|Any CPU
	EndGlobalSection
	GlobalSection(SolutionProperties) = preSolution
		HideSolutionNode = FALSE
	EndGlobalSection
	GlobalSection(ExtensibilityGlobals) = postSolution
		SolutionGuid = {2E0CB882-FA45-4CEC-A978-C9AA97079A29}
	EndGlobalSection
EndGlobal
